PODS:
  - CocoaLumberjack (2.4.0):
    - CocoaLumberjack/Default (= 2.4.0)
    - CocoaLumberjack/Extensions (= 2.4.0)
  - CocoaLumberjack/Core (2.4.0)
  - CocoaLumberjack/Default (2.4.0):
    - CocoaLumberjack/Core
  - CocoaLumberjack/Extensions (2.4.0):
    - CocoaLumberjack/Default
  - DeckTransition (0.3.0)
  - Kingfisher (3.9.1)
  - PromiseKit (4.2.0):
    - PromiseKit/Foundation (= 4.2.0)
    - PromiseKit/QuartzCore (= 4.2.0)
    - PromiseKit/UIKit (= 4.2.0)
  - PromiseKit/CorePromise (4.2.0)
  - PromiseKit/Foundation (4.2.0):
    - PromiseKit/CorePromise
  - PromiseKit/QuartzCore (4.2.0):
    - PromiseKit/CorePromise
  - PromiseKit/UIKit (4.2.0):
    - PromiseKit/CorePromise
  - SalesforceAnalytics (5.1.0):
    - SalesforceAnalytics/SalesforceAnalytics (= 5.1.0)
  - SalesforceAnalytics/SalesforceAnalytics (5.1.0)
  - SalesforceSDKCore (5.1.0):
    - SalesforceSDKCore/SalesforceSDKCore (= 5.1.0)
  - SalesforceSDKCore/SalesforceSDKCore (5.1.0):
    - CocoaLumberjack (~> 2.4.0)
    - SalesforceAnalytics
    - SalesforceSDKCore/SalesforceSDKCore/arc (= 5.1.0)
    - SalesforceSDKCore/SalesforceSDKCore/base (= 5.1.0)
    - SalesforceSDKCore/SalesforceSDKCore/no-arc (= 5.1.0)
  - SalesforceSDKCore/SalesforceSDKCore/arc (5.1.0):
    - CocoaLumberjack (~> 2.4.0)
    - SalesforceAnalytics
    - SalesforceSDKCore/SalesforceSDKCore/base
    - SalesforceSDKCore/SalesforceSDKCore/no-arc
  - SalesforceSDKCore/SalesforceSDKCore/base (5.1.0):
    - CocoaLumberjack (~> 2.4.0)
    - SalesforceAnalytics
  - SalesforceSDKCore/SalesforceSDKCore/no-arc (5.1.0):
    - CocoaLumberjack (~> 2.4.0)
    - SalesforceAnalytics
    - SalesforceSDKCore/SalesforceSDKCore/base
  - SlackTextViewController (1.9.5)
  - SwiftyJSON (3.1.4)

DEPENDENCIES:
  - DeckTransition
  - Kingfisher
  - PromiseKit
  - SalesforceAnalytics
  - SalesforceSDKCore
  - SlackTextViewController
  - SwiftyJSON

SPEC CHECKSUMS:
  CocoaLumberjack: aa9dcab71bdf9eaf2a63bbd9ddc87863efe45457
  DeckTransition: 00ccc14e8a2347725241512d8b66ee5f0ae48116
  Kingfisher: 6729a0baaa458245bfb8cd5a1296c71c10d6eb6c
  PromiseKit: 08dfb783c161ddcd95b7912421f14c5113fd8318
  SalesforceAnalytics: 30a23e143fc10859f6ced7c66814506568708a73
  SalesforceSDKCore: 1e0d81215e10b89b742f267a6a8f0d4774a58cb6
  SlackTextViewController: fbcdadbb8090673f604484ff5b6eb8d77baed42a
  SwiftyJSON: c2842d878f95482ffceec5709abc3d05680c0220

PODFILE CHECKSUM: e3c89c36775ae83686c14944097a9fc0fd26b7ca

COCOAPODS: 1.2.1
